<?xml version="1.0" encoding="utf-8"?>
<Project ToolsVersion="4.0" xmlns="http://schemas.microsoft.com/developer/msbuild/2003">
  <ItemGroup>
    <Filter Include="Source Files">
      <UniqueIdentifier>{a27b2018-873a-4fc5-a09d-5e7d513f231e}</UniqueIdentifier>
      <Extensions>cpp;c;cxx;rc;def;r;odl;idl;hpj;bat</Extensions>
    </Filter>
    <Filter Include="Header Files">
      <UniqueIdentifier>{f5667a52-0de8-41f0-aa1d-cf0e5374e62e}</UniqueIdentifier>
      <Extensions>h;hpp;hxx;hm;inl</Extensions>
    </Filter>
    <Filter Include="Resource Files">
      <UniqueIdentifier>{513e2b04-fad8-4710-a9d4-be2e02de8754}</UniqueIdentifier>
      <Extensions>ico;cur;bmp;dlg;rc2;rct;bin;rgs;gif;jpg;jpeg;jpe</Extensions>
    </Filter>
    <Filter Include="Inc">
      <UniqueIdentifier>{ae4289c4-4475-4ac2-b0bc-6142e6d4b2b3}</UniqueIdentifier>
    </Filter>
    <Filter Include="Inc\algorithm">
      <UniqueIdentifier>{066f672e-f89a-47dc-98df-23dd5b30a1b0}</UniqueIdentifier>
    </Filter>
    <Filter Include="Inc\audio">
      <UniqueIdentifier>{32bd04a0-4b69-46c6-a460-8feffb96229c}</UniqueIdentifier>
    </Filter>
    <Filter Include="Inc\audio\interface">
      <UniqueIdentifier>{ef264b99-b2a8-45e2-a195-4d7e36ed4f6c}</UniqueIdentifier>
    </Filter>
    <Filter Include="Inc\video">
      <UniqueIdentifier>{68eca2f8-c7ce-4c43-9d6b-3a674a3c277f}</UniqueIdentifier>
    </Filter>
    <Filter Include="Inc\video\interface">
      <UniqueIdentifier>{ce9d0369-7406-4e82-b16f-78e3b17554d4}</UniqueIdentifier>
    </Filter>
    <Filter Include="Inc\common">
      <UniqueIdentifier>{1ed3fde9-e67b-412e-b53f-9a0acd54a7bc}</UniqueIdentifier>
    </Filter>
    <Filter Include="Inc\common\Leaf.System">
      <UniqueIdentifier>{36dfbffd-058c-4bd8-b487-ff8f6a7261b5}</UniqueIdentifier>
    </Filter>
    <Filter Include="Inc\common\Leaf.Text">
      <UniqueIdentifier>{75375053-b5f9-4f0b-9c00-f738f6341e5c}</UniqueIdentifier>
    </Filter>
    <Filter Include="Inc\common\Leaf.IO">
      <UniqueIdentifier>{b750792c-5dd3-4a0d-af48-c8d038e8f756}</UniqueIdentifier>
    </Filter>
    <Filter Include="Inc\common\Leaf.Drawing">
      <UniqueIdentifier>{014f732c-a2f0-4e9d-a040-1466c7eb3095}</UniqueIdentifier>
    </Filter>
    <Filter Include="Inc\network">
      <UniqueIdentifier>{9a487485-ef5e-4c9a-9d40-406a5276b59a}</UniqueIdentifier>
    </Filter>
    <Filter Include="Control">
      <UniqueIdentifier>{6772e170-789d-4df5-81f5-a2c51599cecd}</UniqueIdentifier>
    </Filter>
    <Filter Include="Control\Combox">
      <UniqueIdentifier>{8ae30efc-808d-48a6-8286-4b31714c979c}</UniqueIdentifier>
    </Filter>
    <Filter Include="Control\Button">
      <UniqueIdentifier>{415acf4c-ef8e-4832-98bf-61d844f72a63}</UniqueIdentifier>
    </Filter>
    <Filter Include="Control\ListBox">
      <UniqueIdentifier>{94ef488e-22dc-4882-8a39-c02aa0d61483}</UniqueIdentifier>
    </Filter>
    <Filter Include="Control\TreeCtrl">
      <UniqueIdentifier>{5584845a-3678-48ff-a335-dfeb43004e39}</UniqueIdentifier>
    </Filter>
    <Filter Include="Control\WndCtrl">
      <UniqueIdentifier>{da99ecbf-fc3f-4b5e-b432-094c342ef6e3}</UniqueIdentifier>
    </Filter>
    <Filter Include="Control\ListCtrl">
      <UniqueIdentifier>{16a1760d-6634-40d6-a362-5d9c9558bc55}</UniqueIdentifier>
    </Filter>
    <Filter Include="Contrib">
      <UniqueIdentifier>{b866f1f4-e019-437a-b7f5-2907d325b673}</UniqueIdentifier>
    </Filter>
    <Filter Include="Dialog">
      <UniqueIdentifier>{11fec514-1891-48a8-a5a9-252cd04c1e7e}</UniqueIdentifier>
    </Filter>
    <Filter Include="Dialog\ChildWnd">
      <UniqueIdentifier>{627f1633-51c4-465d-b42f-1db8a62a968a}</UniqueIdentifier>
    </Filter>
    <Filter Include="Dialog\FuncWnd">
      <UniqueIdentifier>{18c6b559-51df-40c1-ba8f-c305c6fd8d32}</UniqueIdentifier>
    </Filter>
    <Filter Include="Inc\data">
      <UniqueIdentifier>{5f5d0dc3-3ff3-4e4e-a5b2-961fae810dbb}</UniqueIdentifier>
    </Filter>
  </ItemGroup>
  <ItemGroup>
    <ClCompile Include="StdAfx.cpp">
      <Filter>Source Files</Filter>
    </ClCompile>
    <ClCompile Include="test.cpp">
      <Filter>Source Files</Filter>
    </ClCompile>
    <ClCompile Include="Inc\audio\interface\AudioInterface.cpp">
      <Filter>Inc\audio\interface</Filter>
    </ClCompile>
    <ClCompile Include="Inc\video\videoServerControl.cpp">
      <Filter>Inc\video</Filter>
    </ClCompile>
    <ClCompile Include="Inc\common\Leaf.System\LeafEvent.cpp">
      <Filter>Inc\common\Leaf.System</Filter>
    </ClCompile>
    <ClCompile Include="Inc\common\Leaf.System\LeafSystem.cpp">
      <Filter>Inc\common\Leaf.System</Filter>
    </ClCompile>
    <ClCompile Include="Inc\common\Leaf.System\LeafThreadEx.cpp">
      <Filter>Inc\common\Leaf.System</Filter>
    </ClCompile>
    <ClCompile Include="Inc\common\Leaf.Text\LeafChar.cpp">
      <Filter>Inc\common\Leaf.Text</Filter>
    </ClCompile>
    <ClCompile Include="Inc\common\Leaf.IO\LeafDirectory.cpp">
      <Filter>Inc\common\Leaf.IO</Filter>
    </ClCompile>
    <ClCompile Include="Inc\common\Leaf.IO\LeafFile.cpp">
      <Filter>Inc\common\Leaf.IO</Filter>
    </ClCompile>
    <ClCompile Include="Inc\common\Leaf.Drawing\LeafMemDC.cpp">
      <Filter>Inc\common\Leaf.Drawing</Filter>
    </ClCompile>
    <ClCompile Include="Inc\network\HttpServer.cpp">
      <Filter>Inc\network</Filter>
    </ClCompile>
    <ClCompile Include="Control\WndCtrl\TipWnd.cpp">
      <Filter>Control\WndCtrl</Filter>
    </ClCompile>
    <ClCompile Include="Control\ListCtrl\ReportCtrl.cpp">
      <Filter>Control\ListCtrl</Filter>
    </ClCompile>
    <ClCompile Include="Contrib\update_file_name.cpp">
      <Filter>Contrib</Filter>
    </ClCompile>
    <ClCompile Include="contrib\variable_test.cpp">
      <Filter>Contrib</Filter>
    </ClCompile>
    <ClCompile Include="Dialog\testDlg.cpp">
      <Filter>Dialog</Filter>
    </ClCompile>
    <ClCompile Include="Dialog\ChildWnd\DlgTest1Wnd.cpp">
      <Filter>Dialog\ChildWnd</Filter>
    </ClCompile>
    <ClCompile Include="Dialog\ChildWnd\DlgTest2Wnd.cpp">
      <Filter>Dialog\ChildWnd</Filter>
    </ClCompile>
    <ClCompile Include="Dialog\ChildWnd\DlgTest3Wnd.cpp">
      <Filter>Dialog\ChildWnd</Filter>
    </ClCompile>
    <ClCompile Include="Dialog\ChildWnd\DlgTest4Wnd.cpp">
      <Filter>Dialog\ChildWnd</Filter>
    </ClCompile>
    <ClCompile Include="Dialog\ChildWnd\DlgTest5Wnd.cpp">
      <Filter>Dialog\ChildWnd</Filter>
    </ClCompile>
    <ClCompile Include="Dialog\FuncWnd\DlgFileNameAdd.cpp">
      <Filter>Dialog\FuncWnd</Filter>
    </ClCompile>
    <ClCompile Include="Dialog\FuncWnd\DlgFileNameDate.cpp">
      <Filter>Dialog\FuncWnd</Filter>
    </ClCompile>
    <ClCompile Include="Dialog\FuncWnd\DlgFileNameDel.cpp">
      <Filter>Dialog\FuncWnd</Filter>
    </ClCompile>
    <ClCompile Include="Dialog\FuncWnd\DlgFileNameExt.cpp">
      <Filter>Dialog\FuncWnd</Filter>
    </ClCompile>
    <ClCompile Include="Dialog\FuncWnd\DlgFileNameIndex.cpp">
      <Filter>Dialog\FuncWnd</Filter>
    </ClCompile>
    <ClCompile Include="Dialog\FuncWnd\DlgFileNameReplace.cpp">
      <Filter>Dialog\FuncWnd</Filter>
    </ClCompile>
    <ClCompile Include="Dialog\FuncWnd\DlgShowLogoWnd.cpp">
      <Filter>Dialog\FuncWnd</Filter>
    </ClCompile>
    <ClCompile Include="Inc\data\DeviceData.cpp">
      <Filter>Inc\data</Filter>
    </ClCompile>
    <ClCompile Include="Inc\data\GlobalInfo.cpp">
      <Filter>Inc\data</Filter>
    </ClCompile>
    <ClCompile Include="Inc\data\PubClass.cpp">
      <Filter>Inc\data</Filter>
    </ClCompile>
  </ItemGroup>
  <ItemGroup>
    <ClInclude Include="Resource.h">
      <Filter>Header Files</Filter>
    </ClInclude>
    <ClInclude Include="StdAfx.h">
      <Filter>Header Files</Filter>
    </ClInclude>
    <ClInclude Include="test.h">
      <Filter>Header Files</Filter>
    </ClInclude>
    <ClInclude Include="Inc\algorithm\thread_queue.h">
      <Filter>Inc\algorithm</Filter>
    </ClInclude>
    <ClInclude Include="Inc\audio\interface\AudioInterface.h">
      <Filter>Inc\audio\interface</Filter>
    </ClInclude>
    <ClInclude Include="Inc\video\videoServerControl.h">
      <Filter>Inc\video</Filter>
    </ClInclude>
    <ClInclude Include="Inc\video\interface\videoInterface.h">
      <Filter>Inc\video\interface</Filter>
    </ClInclude>
    <ClInclude Include="Inc\common\Leaf.System\LeafEvent.h">
      <Filter>Inc\common\Leaf.System</Filter>
    </ClInclude>
    <ClInclude Include="Inc\common\Leaf.System\LeafSystem.h">
      <Filter>Inc\common\Leaf.System</Filter>
    </ClInclude>
    <ClInclude Include="Inc\common\Leaf.System\LeafThreadEx.h">
      <Filter>Inc\common\Leaf.System</Filter>
    </ClInclude>
    <ClInclude Include="Inc\common\Leaf.Text\LeafChar.h">
      <Filter>Inc\common\Leaf.Text</Filter>
    </ClInclude>
    <ClInclude Include="Inc\common\Leaf.Text\String.h">
      <Filter>Inc\common\Leaf.Text</Filter>
    </ClInclude>
    <ClInclude Include="Inc\common\Leaf.IO\LeafDirectory.h">
      <Filter>Inc\common\Leaf.IO</Filter>
    </ClInclude>
    <ClInclude Include="Inc\common\Leaf.IO\LeafFile.h">
      <Filter>Inc\common\Leaf.IO</Filter>
    </ClInclude>
    <ClInclude Include="Inc\common\Leaf.Drawing\LeafMemDC.h">
      <Filter>Inc\common\Leaf.Drawing</Filter>
    </ClInclude>
    <ClInclude Include="Inc\network\HttpServer.h">
      <Filter>Inc\network</Filter>
    </ClInclude>
    <ClInclude Include="Control\WndCtrl\TipWnd.h">
      <Filter>Control\WndCtrl</Filter>
    </ClInclude>
    <ClInclude Include="Control\ListCtrl\ReportCtrl.h">
      <Filter>Control\ListCtrl</Filter>
    </ClInclude>
    <ClInclude Include="Contrib\update_file_name.h">
      <Filter>Contrib</Filter>
    </ClInclude>
    <ClInclude Include="contrib\variable_test.h">
      <Filter>Contrib</Filter>
    </ClInclude>
    <ClInclude Include="Dialog\testDlg.h">
      <Filter>Dialog</Filter>
    </ClInclude>
    <ClInclude Include="Dialog\ChildWnd\DlgTest1Wnd.h">
      <Filter>Dialog\ChildWnd</Filter>
    </ClInclude>
    <ClInclude Include="Dialog\ChildWnd\DlgTest2Wnd.h">
      <Filter>Dialog\ChildWnd</Filter>
    </ClInclude>
    <ClInclude Include="Dialog\ChildWnd\DlgTest3Wnd.h">
      <Filter>Dialog\ChildWnd</Filter>
    </ClInclude>
    <ClInclude Include="Dialog\ChildWnd\DlgTest4Wnd.h">
      <Filter>Dialog\ChildWnd</Filter>
    </ClInclude>
    <ClInclude Include="Dialog\ChildWnd\DlgTest5Wnd.h">
      <Filter>Dialog\ChildWnd</Filter>
    </ClInclude>
    <ClInclude Include="Dialog\FuncWnd\DlgFileNameAdd.h">
      <Filter>Dialog\FuncWnd</Filter>
    </ClInclude>
    <ClInclude Include="Dialog\FuncWnd\DlgFileNameDate.h">
      <Filter>Dialog\FuncWnd</Filter>
    </ClInclude>
    <ClInclude Include="Dialog\FuncWnd\DlgFileNameDel.h">
      <Filter>Dialog\FuncWnd</Filter>
    </ClInclude>
    <ClInclude Include="Dialog\FuncWnd\DlgFileNameExt.h">
      <Filter>Dialog\FuncWnd</Filter>
    </ClInclude>
    <ClInclude Include="Dialog\FuncWnd\DlgFileNameIndex.h">
      <Filter>Dialog\FuncWnd</Filter>
    </ClInclude>
    <ClInclude Include="Dialog\FuncWnd\DlgFileNameReplace.h">
      <Filter>Dialog\FuncWnd</Filter>
    </ClInclude>
    <ClInclude Include="Dialog\FuncWnd\DlgShowLogoWnd.h">
      <Filter>Dialog\FuncWnd</Filter>
    </ClInclude>
    <ClInclude Include="Inc\data\DeviceData.h">
      <Filter>Inc\data</Filter>
    </ClInclude>
    <ClInclude Include="Inc\data\GlobalInfo.h">
      <Filter>Inc\data</Filter>
    </ClInclude>
    <ClInclude Include="Inc\data\internal.h">
      <Filter>Inc\data</Filter>
    </ClInclude>
    <ClInclude Include="Inc\data\PubClass.h">
      <Filter>Inc\data</Filter>
    </ClInclude>
  </ItemGroup>
  <ItemGroup>
    <Image Include="res\1.bmp">
      <Filter>Resource Files</Filter>
    </Image>
    <Image Include="res\2.bmp">
      <Filter>Resource Files</Filter>
    </Image>
    <Image Include="res\3.bmp">
      <Filter>Resource Files</Filter>
    </Image>
    <Image Include="res\4.bmp">
      <Filter>Resource Files</Filter>
    </Image>
    <Image Include="res\5.bmp">
      <Filter>Resource Files</Filter>
    </Image>
    <Image Include="res\bk.bmp">
      <Filter>Resource Files</Filter>
    </Image>
    <Image Include="res\Shell16_001.ico">
      <Filter>Resource Files</Filter>
    </Image>
    <Image Include="res\Shell16_002.ico">
      <Filter>Resource Files</Filter>
    </Image>
    <Image Include="res\test.ico">
      <Filter>Resource Files</Filter>
    </Image>
  </ItemGroup>
  <ItemGroup>
    <ResourceCompile Include="test.rc">
      <Filter>Resource Files</Filter>
    </ResourceCompile>
  </ItemGroup>
  <ItemGroup>
    <None Include="res\test.rc2">
      <Filter>Resource Files</Filter>
    </None>
  </ItemGroup>
</Project>