<?xml version="1.0" encoding="utf-8"?>
<Project ToolsVersion="4.0" xmlns="http://schemas.microsoft.com/developer/msbuild/2003">
  <ItemGroup>
    <Filter Include="Source Files">
      <UniqueIdentifier>{57960c46-f8c6-4635-bec1-34119e783a04}</UniqueIdentifier>
      <Extensions>cpp;c;cxx;rc;def;r;odl;idl;hpj;bat</Extensions>
    </Filter>
    <Filter Include="Header Files">
      <UniqueIdentifier>{03e536af-4d6f-4789-89f5-8c5c115572f8}</UniqueIdentifier>
      <Extensions>h;hpp;hxx;hm;inl</Extensions>
    </Filter>
    <Filter Include="Resource Files">
      <UniqueIdentifier>{47a9cd09-1221-4efd-9a4a-877cd48dbcb1}</UniqueIdentifier>
      <Extensions>ico;cur;bmp;dlg;rc2;rct;bin;rgs;gif;jpg;jpeg;jpe</Extensions>
    </Filter>
    <Filter Include="Inc">
      <UniqueIdentifier>{6bc6073d-f256-496d-ba29-d8f2f5f4d748}</UniqueIdentifier>
    </Filter>
    <Filter Include="Inc\algorithm">
      <UniqueIdentifier>{4cd21ec2-98e8-4b3e-a3c6-c8892a0192b1}</UniqueIdentifier>
    </Filter>
    <Filter Include="Inc\audio">
      <UniqueIdentifier>{4c1afc9a-9f64-4ae0-a73a-6f314fe05a1e}</UniqueIdentifier>
    </Filter>
    <Filter Include="Inc\video">
      <UniqueIdentifier>{102050d3-d888-440a-8033-88c022a9244b}</UniqueIdentifier>
    </Filter>
    <Filter Include="Inc\common">
      <UniqueIdentifier>{a2009dba-5fb1-4813-9c81-b076d862cdf4}</UniqueIdentifier>
    </Filter>
    <Filter Include="Control">
      <UniqueIdentifier>{8d9099ee-b531-4a68-bf2e-fdfca0c762cc}</UniqueIdentifier>
    </Filter>
    <Filter Include="Control\Combox">
      <UniqueIdentifier>{8821eeb3-cbd1-44c7-8aec-9b7a84043eae}</UniqueIdentifier>
    </Filter>
    <Filter Include="Control\Button">
      <UniqueIdentifier>{c305df74-04fe-49f1-9b2e-dca47662c5fd}</UniqueIdentifier>
    </Filter>
    <Filter Include="Control\ListBox">
      <UniqueIdentifier>{65c54716-c4c0-4045-a5df-6220144f571e}</UniqueIdentifier>
    </Filter>
    <Filter Include="Control\TreeCtrl">
      <UniqueIdentifier>{7bd05dd3-fdab-4157-bd03-538075bedb73}</UniqueIdentifier>
    </Filter>
    <Filter Include="Control\WndCtrl">
      <UniqueIdentifier>{3350ac89-d473-4a33-9226-877cfa4b12a3}</UniqueIdentifier>
    </Filter>
    <Filter Include="Control\ListCtrl">
      <UniqueIdentifier>{d18b8710-9d6e-4a91-9fec-cc69c55e7ca4}</UniqueIdentifier>
    </Filter>
    <Filter Include="Contrib">
      <UniqueIdentifier>{e9026ae6-f45b-4fdd-9461-5174c2cb1864}</UniqueIdentifier>
    </Filter>
    <Filter Include="Dialog">
      <UniqueIdentifier>{d062e76b-692c-4004-8cf5-4cbdec4a3508}</UniqueIdentifier>
    </Filter>
    <Filter Include="Dialog\ChildWnd">
      <UniqueIdentifier>{529c5780-a48b-4039-ac91-ac8e0ca49aaa}</UniqueIdentifier>
    </Filter>
    <Filter Include="Dialog\FuncWnd">
      <UniqueIdentifier>{53a2408a-346f-49a2-ba4e-9607d692638c}</UniqueIdentifier>
    </Filter>
  </ItemGroup>
  <ItemGroup>
    <ClCompile Include="StdAfx.cpp">
      <Filter>Source Files</Filter>
    </ClCompile>
    <ClCompile Include="test.cpp">
      <Filter>Source Files</Filter>
    </ClCompile>
    <ClCompile Include="Inc\GlobalInfo.cpp">
      <Filter>Inc</Filter>
    </ClCompile>
    <ClCompile Include="Inc\PubClass.cpp">
      <Filter>Inc</Filter>
    </ClCompile>
    <ClCompile Include="Inc\audio\MixerDevice.cpp">
      <Filter>Inc\audio</Filter>
    </ClCompile>
    <ClCompile Include="Inc\audio\multimediastream.cpp">
      <Filter>Inc\audio</Filter>
    </ClCompile>
    <ClCompile Include="Inc\audio\waveindevice.cpp">
      <Filter>Inc\audio</Filter>
    </ClCompile>
    <ClCompile Include="Inc\audio\waveoutdevice.cpp">
      <Filter>Inc\audio</Filter>
    </ClCompile>
    <ClCompile Include="Inc\audio\waveplayer.cpp">
      <Filter>Inc\audio</Filter>
    </ClCompile>
    <ClCompile Include="Inc\video\gdi_wnd_draw_video.cpp">
      <Filter>Inc\video</Filter>
    </ClCompile>
    <ClCompile Include="Inc\video\opengl_wnd_draw_video.cpp">
      <Filter>Inc\video</Filter>
    </ClCompile>
    <ClCompile Include="Inc\common\Character.cpp">
      <Filter>Inc\common</Filter>
    </ClCompile>
    <ClCompile Include="Inc\common\FileFunc.cpp">
      <Filter>Inc\common</Filter>
    </ClCompile>
    <ClCompile Include="Control\ComboBox\CustomCombox.cpp">
      <Filter>Control\Combox</Filter>
    </ClCompile>
    <ClCompile Include="Control\Button\DrawButton.cpp">
      <Filter>Control\Button</Filter>
    </ClCompile>
    <ClCompile Include="Control\ListBox\DrawListBox.cpp">
      <Filter>Control\ListBox</Filter>
    </ClCompile>
    <ClCompile Include="Control\ListBox\UserListBox.cpp">
      <Filter>Control\ListBox</Filter>
    </ClCompile>
    <ClCompile Include="Control\WndCtrl\ScrollWndMsg.cpp">
      <Filter>Control\WndCtrl</Filter>
    </ClCompile>
    <ClCompile Include="Control\ListCtrl\ReportCtrl.cpp">
      <Filter>Control\ListCtrl</Filter>
    </ClCompile>
    <ClCompile Include="Contrib\update_file_name.cpp">
      <Filter>Contrib</Filter>
    </ClCompile>
    <ClCompile Include="contrib\variable_test.cpp">
      <Filter>Contrib</Filter>
    </ClCompile>
    <ClCompile Include="Dialog\testDlg.cpp">
      <Filter>Dialog</Filter>
    </ClCompile>
    <ClCompile Include="Dialog\ChildWnd\DlgTest1Wnd.cpp">
      <Filter>Dialog\ChildWnd</Filter>
    </ClCompile>
    <ClCompile Include="Dialog\ChildWnd\DlgTest2Wnd.cpp">
      <Filter>Dialog\ChildWnd</Filter>
    </ClCompile>
    <ClCompile Include="Dialog\ChildWnd\DlgTest3Wnd.cpp">
      <Filter>Dialog\ChildWnd</Filter>
    </ClCompile>
    <ClCompile Include="Dialog\ChildWnd\DlgTest4Wnd.cpp">
      <Filter>Dialog\ChildWnd</Filter>
    </ClCompile>
    <ClCompile Include="Dialog\ChildWnd\DlgTest5Wnd.cpp">
      <Filter>Dialog\ChildWnd</Filter>
    </ClCompile>
    <ClCompile Include="Dialog\FuncWnd\DlgFileNameAdd.cpp">
      <Filter>Dialog\FuncWnd</Filter>
    </ClCompile>
    <ClCompile Include="Dialog\FuncWnd\DlgFileNameDate.cpp">
      <Filter>Dialog\FuncWnd</Filter>
    </ClCompile>
    <ClCompile Include="Dialog\FuncWnd\DlgFileNameDel.cpp">
      <Filter>Dialog\FuncWnd</Filter>
    </ClCompile>
    <ClCompile Include="Dialog\FuncWnd\DlgFileNameExt.cpp">
      <Filter>Dialog\FuncWnd</Filter>
    </ClCompile>
    <ClCompile Include="Dialog\FuncWnd\DlgFileNameIndex.cpp">
      <Filter>Dialog\FuncWnd</Filter>
    </ClCompile>
    <ClCompile Include="Dialog\FuncWnd\DlgFileNameReplace.cpp">
      <Filter>Dialog\FuncWnd</Filter>
    </ClCompile>
    <ClCompile Include="Dialog\FuncWnd\DlgShowLogoWnd.cpp">
      <Filter>Dialog\FuncWnd</Filter>
    </ClCompile>
    <ClCompile Include="Inc\audio\waveaudio.cpp">
      <Filter>Inc\audio</Filter>
    </ClCompile>
  </ItemGroup>
  <ItemGroup>
    <ClInclude Include="Resource.h">
      <Filter>Header Files</Filter>
    </ClInclude>
    <ClInclude Include="StdAfx.h">
      <Filter>Header Files</Filter>
    </ClInclude>
    <ClInclude Include="test.h">
      <Filter>Header Files</Filter>
    </ClInclude>
    <ClInclude Include="Inc\GlobalInfo.h">
      <Filter>Inc</Filter>
    </ClInclude>
    <ClInclude Include="Inc\PubClass.h">
      <Filter>Inc</Filter>
    </ClInclude>
    <ClInclude Include="Inc\algorithm\thread_queue.h">
      <Filter>Inc\algorithm</Filter>
    </ClInclude>
    <ClInclude Include="Inc\audio\MixerDevice.hpp">
      <Filter>Inc\audio</Filter>
    </ClInclude>
    <ClInclude Include="Inc\audio\multimediastream.hpp">
      <Filter>Inc\audio</Filter>
    </ClInclude>
    <ClInclude Include="Inc\audio\wavebase.hpp">
      <Filter>Inc\audio</Filter>
    </ClInclude>
    <ClInclude Include="Inc\audio\waveindevice.hpp">
      <Filter>Inc\audio</Filter>
    </ClInclude>
    <ClInclude Include="Inc\audio\waveoutdevice.hpp">
      <Filter>Inc\audio</Filter>
    </ClInclude>
    <ClInclude Include="Inc\audio\waveplayer.h">
      <Filter>Inc\audio</Filter>
    </ClInclude>
    <ClInclude Include="Inc\video\gdi_wnd_draw_video.h">
      <Filter>Inc\video</Filter>
    </ClInclude>
    <ClInclude Include="Inc\video\opengl_wnd_draw_video.h">
      <Filter>Inc\video</Filter>
    </ClInclude>
    <ClInclude Include="Inc\common\Character.h">
      <Filter>Inc\common</Filter>
    </ClInclude>
    <ClInclude Include="Inc\common\FileFunc.h">
      <Filter>Inc\common</Filter>
    </ClInclude>
    <ClInclude Include="Control\ComboBox\CustomCombox.h">
      <Filter>Control\Combox</Filter>
    </ClInclude>
    <ClInclude Include="Control\Button\DrawButton.h">
      <Filter>Control\Button</Filter>
    </ClInclude>
    <ClInclude Include="Control\ListBox\DrawListBox.h">
      <Filter>Control\ListBox</Filter>
    </ClInclude>
    <ClInclude Include="Control\ListBox\UserListBox.h">
      <Filter>Control\ListBox</Filter>
    </ClInclude>
    <ClInclude Include="Control\WndCtrl\ScrollWndMsg.h">
      <Filter>Control\WndCtrl</Filter>
    </ClInclude>
    <ClInclude Include="Control\ListCtrl\ReportCtrl.h">
      <Filter>Control\ListCtrl</Filter>
    </ClInclude>
    <ClInclude Include="Contrib\update_file_name.h">
      <Filter>Contrib</Filter>
    </ClInclude>
    <ClInclude Include="contrib\variable_test.h">
      <Filter>Contrib</Filter>
    </ClInclude>
    <ClInclude Include="Dialog\testDlg.h">
      <Filter>Dialog</Filter>
    </ClInclude>
    <ClInclude Include="Dialog\ChildWnd\DlgTest1Wnd.h">
      <Filter>Dialog\ChildWnd</Filter>
    </ClInclude>
    <ClInclude Include="Dialog\ChildWnd\DlgTest2Wnd.h">
      <Filter>Dialog\ChildWnd</Filter>
    </ClInclude>
    <ClInclude Include="Dialog\ChildWnd\DlgTest3Wnd.h">
      <Filter>Dialog\ChildWnd</Filter>
    </ClInclude>
    <ClInclude Include="Dialog\ChildWnd\DlgTest4Wnd.h">
      <Filter>Dialog\ChildWnd</Filter>
    </ClInclude>
    <ClInclude Include="Dialog\ChildWnd\DlgTest5Wnd.h">
      <Filter>Dialog\ChildWnd</Filter>
    </ClInclude>
    <ClInclude Include="Dialog\FuncWnd\DlgFileNameAdd.h">
      <Filter>Dialog\FuncWnd</Filter>
    </ClInclude>
    <ClInclude Include="Dialog\FuncWnd\DlgFileNameDate.h">
      <Filter>Dialog\FuncWnd</Filter>
    </ClInclude>
    <ClInclude Include="Dialog\FuncWnd\DlgFileNameDel.h">
      <Filter>Dialog\FuncWnd</Filter>
    </ClInclude>
    <ClInclude Include="Dialog\FuncWnd\DlgFileNameExt.h">
      <Filter>Dialog\FuncWnd</Filter>
    </ClInclude>
    <ClInclude Include="Dialog\FuncWnd\DlgFileNameIndex.h">
      <Filter>Dialog\FuncWnd</Filter>
    </ClInclude>
    <ClInclude Include="Dialog\FuncWnd\DlgFileNameReplace.h">
      <Filter>Dialog\FuncWnd</Filter>
    </ClInclude>
    <ClInclude Include="Dialog\FuncWnd\DlgShowLogoWnd.h">
      <Filter>Dialog\FuncWnd</Filter>
    </ClInclude>
    <ClInclude Include="Inc\audio\waveaudio.h">
      <Filter>Inc\audio</Filter>
    </ClInclude>
  </ItemGroup>
  <ItemGroup>
    <Image Include="res\1.bmp">
      <Filter>Resource Files</Filter>
    </Image>
    <Image Include="res\2.bmp">
      <Filter>Resource Files</Filter>
    </Image>
    <Image Include="res\3.bmp">
      <Filter>Resource Files</Filter>
    </Image>
    <Image Include="res\4.bmp">
      <Filter>Resource Files</Filter>
    </Image>
    <Image Include="res\5.bmp">
      <Filter>Resource Files</Filter>
    </Image>
    <Image Include="res\bk.bmp">
      <Filter>Resource Files</Filter>
    </Image>
    <Image Include="res\Shell16_001.ico">
      <Filter>Resource Files</Filter>
    </Image>
    <Image Include="res\Shell16_002.ico">
      <Filter>Resource Files</Filter>
    </Image>
    <Image Include="res\test.ico">
      <Filter>Resource Files</Filter>
    </Image>
  </ItemGroup>
  <ItemGroup>
    <ResourceCompile Include="test.rc">
      <Filter>Resource Files</Filter>
    </ResourceCompile>
  </ItemGroup>
  <ItemGroup>
    <None Include="res\test.rc2">
      <Filter>Resource Files</Filter>
    </None>
  </ItemGroup>
</Project>